
Microsoft Visual Studio Solution File, Format Version 11.00
# Visual Studio 2010
# SharpDevelop 5.1
Project("{FAE04EC0-301F-11D3-BF4B-00C04F79EFBC}") = "snake", "snake.csproj", "{B9CCF14B-132C-4435-A2EB-EC51A6EB7E7A}"
EndProject
Global
	GlobalSection(SolutionConfigurationPlatforms) = preSolution
		Debug|Any CPU = Debug|Any CPU
		Release|Any CPU = Release|Any CPU
	EndGlobalSection
	GlobalSection(ProjectConfigurationPlatforms) = postSolution
		{B9CCF14B-132C-4435-A2EB-EC51A6EB7E7A}.Debug|Any CPU.ActiveCfg = Debug|Any CPU
		{B9CCF14B-132C-4435-A2EB-EC51A6EB7E7A}.Debug|Any CPU.Build.0 = Debug|Any CPU
		{B9CCF14B-132C-4435-A2EB-EC51A6EB7E7A}.Release|Any CPU.ActiveCfg = Release|Any CPU
		{B9CCF14B-132C-4435-A2EB-EC51A6EB7E7A}.Release|Any CPU.Build.0 = Release|Any CPU
	EndGlobalSection
EndGlobal
